// !$*UTF8*$!
{
	archiveVersion = 1;
	classes = {
	};
	objectVersion = 46;
	objects = {

/* Begin PBXBuildFile section */
		521AF8EF1D5949FB009941A0 /* Tables.swift in Sources */ = {isa = PBXBuildFile; fileRef = 521AF8EE1D5949FB009941A0 /* Tables.swift */; };
		521AF8F01D5949FB009941A0 /* Tables.swift in Sources */ = {isa = PBXBuildFile; fileRef = 521AF8EE1D5949FB009941A0 /* Tables.swift */; };
		521AF8F11D5949FB009941A0 /* Tables.swift in Sources */ = {isa = PBXBuildFile; fileRef = 521AF8EE1D5949FB009941A0 /* Tables.swift */; };
		521AF8F21D5949FB009941A0 /* Tables.swift in Sources */ = {isa = PBXBuildFile; fileRef = 521AF8EE1D5949FB009941A0 /* Tables.swift */; };
		5235BDA31D3A89A200B42FFD /* Player.swift in Sources */ = {isa = PBXBuildFile; fileRef = 5235BDA21D3A89A200B42FFD /* Player.swift */; };
		5235BDA41D3A89A200B42FFD /* Player.swift in Sources */ = {isa = PBXBuildFile; fileRef = 5235BDA21D3A89A200B42FFD /* Player.swift */; };
		5235BDA51D3A89A200B42FFD /* Player.swift in Sources */ = {isa = PBXBuildFile; fileRef = 5235BDA21D3A89A200B42FFD /* Player.swift */; };
		5235BDA61D3A89A200B42FFD /* Player.swift in Sources */ = {isa = PBXBuildFile; fileRef = 5235BDA21D3A89A200B42FFD /* Player.swift */; };
		524583AA1D0DE7B9002311F3 /* Sage.framework in Frameworks */ = {isa = PBXBuildFile; fileRef = 5273A7401CF2647800426C1F /* Sage.framework */; };
		524583B21D0DF2E2002311F3 /* SageTests.swift in Sources */ = {isa = PBXBuildFile; fileRef = 524583B01D0DF2BB002311F3 /* SageTests.swift */; };
		5273A7771CF3824700426C1F /* Board.swift in Sources */ = {isa = PBXBuildFile; fileRef = 5273A7761CF3824700426C1F /* Board.swift */; };
		5273A7781CF3824700426C1F /* Board.swift in Sources */ = {isa = PBXBuildFile; fileRef = 5273A7761CF3824700426C1F /* Board.swift */; };
		5273A7791CF3824700426C1F /* Board.swift in Sources */ = {isa = PBXBuildFile; fileRef = 5273A7761CF3824700426C1F /* Board.swift */; };
		5273A77A1CF3824700426C1F /* Board.swift in Sources */ = {isa = PBXBuildFile; fileRef = 5273A7761CF3824700426C1F /* Board.swift */; };
		5273A77C1CF382E200426C1F /* Piece.swift in Sources */ = {isa = PBXBuildFile; fileRef = 5273A77B1CF382E200426C1F /* Piece.swift */; };
		5273A77D1CF382E200426C1F /* Piece.swift in Sources */ = {isa = PBXBuildFile; fileRef = 5273A77B1CF382E200426C1F /* Piece.swift */; };
		5273A77E1CF382E200426C1F /* Piece.swift in Sources */ = {isa = PBXBuildFile; fileRef = 5273A77B1CF382E200426C1F /* Piece.swift */; };
		5273A77F1CF382E200426C1F /* Piece.swift in Sources */ = {isa = PBXBuildFile; fileRef = 5273A77B1CF382E200426C1F /* Piece.swift */; };
		5273A7811CF382EB00426C1F /* Color.swift in Sources */ = {isa = PBXBuildFile; fileRef = 5273A7801CF382EB00426C1F /* Color.swift */; };
		5273A7821CF382EB00426C1F /* Color.swift in Sources */ = {isa = PBXBuildFile; fileRef = 5273A7801CF382EB00426C1F /* Color.swift */; };
		5273A7831CF382EB00426C1F /* Color.swift in Sources */ = {isa = PBXBuildFile; fileRef = 5273A7801CF382EB00426C1F /* Color.swift */; };
		5273A7841CF382EB00426C1F /* Color.swift in Sources */ = {isa = PBXBuildFile; fileRef = 5273A7801CF382EB00426C1F /* Color.swift */; };
		5273A7861CF389E000426C1F /* File.swift in Sources */ = {isa = PBXBuildFile; fileRef = 5273A7851CF389E000426C1F /* File.swift */; };
		5273A7871CF389E000426C1F /* File.swift in Sources */ = {isa = PBXBuildFile; fileRef = 5273A7851CF389E000426C1F /* File.swift */; };
		5273A7881CF389E000426C1F /* File.swift in Sources */ = {isa = PBXBuildFile; fileRef = 5273A7851CF389E000426C1F /* File.swift */; };
		5273A7891CF389E000426C1F /* File.swift in Sources */ = {isa = PBXBuildFile; fileRef = 5273A7851CF389E000426C1F /* File.swift */; };
		5273A78B1CF38A0500426C1F /* Rank.swift in Sources */ = {isa = PBXBuildFile; fileRef = 5273A78A1CF38A0500426C1F /* Rank.swift */; };
		5273A78C1CF38A0500426C1F /* Rank.swift in Sources */ = {isa = PBXBuildFile; fileRef = 5273A78A1CF38A0500426C1F /* Rank.swift */; };
		5273A78D1CF38A0500426C1F /* Rank.swift in Sources */ = {isa = PBXBuildFile; fileRef = 5273A78A1CF38A0500426C1F /* Rank.swift */; };
		5273A78E1CF38A0500426C1F /* Rank.swift in Sources */ = {isa = PBXBuildFile; fileRef = 5273A78A1CF38A0500426C1F /* Rank.swift */; };
		527ADC211D2AFBE400B16439 /* PGN.swift in Sources */ = {isa = PBXBuildFile; fileRef = 527ADC201D2AFBE400B16439 /* PGN.swift */; };
		527ADC221D2AFBE400B16439 /* PGN.swift in Sources */ = {isa = PBXBuildFile; fileRef = 527ADC201D2AFBE400B16439 /* PGN.swift */; };
		527ADC231D2AFBE400B16439 /* PGN.swift in Sources */ = {isa = PBXBuildFile; fileRef = 527ADC201D2AFBE400B16439 /* PGN.swift */; };
		527ADC241D2AFBE400B16439 /* PGN.swift in Sources */ = {isa = PBXBuildFile; fileRef = 527ADC201D2AFBE400B16439 /* PGN.swift */; };
		528C2E3D1CF3E51100F7D2EC /* Game.swift in Sources */ = {isa = PBXBuildFile; fileRef = 528C2E3C1CF3E51100F7D2EC /* Game.swift */; };
		528C2E3E1CF3E51400F7D2EC /* Game.swift in Sources */ = {isa = PBXBuildFile; fileRef = 528C2E3C1CF3E51100F7D2EC /* Game.swift */; };
		528C2E3F1CF3E51500F7D2EC /* Game.swift in Sources */ = {isa = PBXBuildFile; fileRef = 528C2E3C1CF3E51100F7D2EC /* Game.swift */; };
		528C2E401CF3E51500F7D2EC /* Game.swift in Sources */ = {isa = PBXBuildFile; fileRef = 528C2E3C1CF3E51100F7D2EC /* Game.swift */; };
		528C2E421CF3E7F500F7D2EC /* Move.swift in Sources */ = {isa = PBXBuildFile; fileRef = 528C2E411CF3E7F500F7D2EC /* Move.swift */; };
		528C2E431CF3E7F500F7D2EC /* Move.swift in Sources */ = {isa = PBXBuildFile; fileRef = 528C2E411CF3E7F500F7D2EC /* Move.swift */; };
		528C2E441CF3E7F500F7D2EC /* Move.swift in Sources */ = {isa = PBXBuildFile; fileRef = 528C2E411CF3E7F500F7D2EC /* Move.swift */; };
		528C2E451CF3E7F500F7D2EC /* Move.swift in Sources */ = {isa = PBXBuildFile; fileRef = 528C2E411CF3E7F500F7D2EC /* Move.swift */; };
		529514C21D137B9000BB244D /* Sage.framework in Frameworks */ = {isa = PBXBuildFile; fileRef = 5273A74E1CF2647F00426C1F /* Sage.framework */; };
		529514D11D137BAD00BB244D /* Sage.framework in Frameworks */ = {isa = PBXBuildFile; fileRef = 5273A7681CF2648E00426C1F /* Sage.framework */; };
		529514D71D137BB800BB244D /* SageTests.swift in Sources */ = {isa = PBXBuildFile; fileRef = 524583B01D0DF2BB002311F3 /* SageTests.swift */; };
		529514D81D137BB900BB244D /* SageTests.swift in Sources */ = {isa = PBXBuildFile; fileRef = 524583B01D0DF2BB002311F3 /* SageTests.swift */; };
		529514DA1D138B4100BB244D /* CastlingRights.swift in Sources */ = {isa = PBXBuildFile; fileRef = 529514D91D138B4100BB244D /* CastlingRights.swift */; };
		529514DB1D138B4100BB244D /* CastlingRights.swift in Sources */ = {isa = PBXBuildFile; fileRef = 529514D91D138B4100BB244D /* CastlingRights.swift */; };
		529514DC1D138B4100BB244D /* CastlingRights.swift in Sources */ = {isa = PBXBuildFile; fileRef = 529514D91D138B4100BB244D /* CastlingRights.swift */; };
		529514DD1D138B4100BB244D /* CastlingRights.swift in Sources */ = {isa = PBXBuildFile; fileRef = 529514D91D138B4100BB244D /* CastlingRights.swift */; };
		529514DF1D16224F00BB244D /* Variant.swift in Sources */ = {isa = PBXBuildFile; fileRef = 529514DE1D16224F00BB244D /* Variant.swift */; };
		529514E01D16224F00BB244D /* Variant.swift in Sources */ = {isa = PBXBuildFile; fileRef = 529514DE1D16224F00BB244D /* Variant.swift */; };
		529514E11D16224F00BB244D /* Variant.swift in Sources */ = {isa = PBXBuildFile; fileRef = 529514DE1D16224F00BB244D /* Variant.swift */; };
		529514E21D16224F00BB244D /* Variant.swift in Sources */ = {isa = PBXBuildFile; fileRef = 529514DE1D16224F00BB244D /* Variant.swift */; };
		529515011D173E2F00BB244D /* Bitboard.swift in Sources */ = {isa = PBXBuildFile; fileRef = 529515001D173E2F00BB244D /* Bitboard.swift */; };
		529515021D173E2F00BB244D /* Bitboard.swift in Sources */ = {isa = PBXBuildFile; fileRef = 529515001D173E2F00BB244D /* Bitboard.swift */; };
		529515031D173E2F00BB244D /* Bitboard.swift in Sources */ = {isa = PBXBuildFile; fileRef = 529515001D173E2F00BB244D /* Bitboard.swift */; };
		529515041D173E2F00BB244D /* Bitboard.swift in Sources */ = {isa = PBXBuildFile; fileRef = 529515001D173E2F00BB244D /* Bitboard.swift */; };
		529515061D19CFF500BB244D /* Square.swift in Sources */ = {isa = PBXBuildFile; fileRef = 529515051D19CFF500BB244D /* Square.swift */; };
		529515071D19CFF500BB244D /* Square.swift in Sources */ = {isa = PBXBuildFile; fileRef = 529515051D19CFF500BB244D /* Square.swift */; };
		529515081D19CFF500BB244D /* Square.swift in Sources */ = {isa = PBXBuildFile; fileRef = 529515051D19CFF500BB244D /* Square.swift */; };
		529515091D19CFF500BB244D /* Square.swift in Sources */ = {isa = PBXBuildFile; fileRef = 529515051D19CFF500BB244D /* Square.swift */; };
		52D2BB141D277E5400C868E5 /* Sequence+Sage.swift in Sources */ = {isa = PBXBuildFile; fileRef = 52D2BB131D277E5400C868E5 /* Sequence+Sage.swift */; };
		52D2BB151D277E5400C868E5 /* Sequence+Sage.swift in Sources */ = {isa = PBXBuildFile; fileRef = 52D2BB131D277E5400C868E5 /* Sequence+Sage.swift */; };
		52D2BB161D277E5400C868E5 /* Sequence+Sage.swift in Sources */ = {isa = PBXBuildFile; fileRef = 52D2BB131D277E5400C868E5 /* Sequence+Sage.swift */; };
		52D2BB171D277E5400C868E5 /* Sequence+Sage.swift in Sources */ = {isa = PBXBuildFile; fileRef = 52D2BB131D277E5400C868E5 /* Sequence+Sage.swift */; };
		52E89C621CF53E1A0071AE69 /* InternalTypes.swift in Sources */ = {isa = PBXBuildFile; fileRef = 52E89C611CF53E1A0071AE69 /* InternalTypes.swift */; };
		52E89C631CF53E1A0071AE69 /* InternalTypes.swift in Sources */ = {isa = PBXBuildFile; fileRef = 52E89C611CF53E1A0071AE69 /* InternalTypes.swift */; };
		52E89C641CF53E1A0071AE69 /* InternalTypes.swift in Sources */ = {isa = PBXBuildFile; fileRef = 52E89C611CF53E1A0071AE69 /* InternalTypes.swift */; };
		52E89C651CF53E1A0071AE69 /* InternalTypes.swift in Sources */ = {isa = PBXBuildFile; fileRef = 52E89C611CF53E1A0071AE69 /* InternalTypes.swift */; };
		A83DF73BFB6E5376DE6F9B00 /* BugTests.swift in Sources */ = {isa = PBXBuildFile; fileRef = A83DFD25CEE8B236EE81364E /* BugTests.swift */; };
		A83DFA16DEE05AD172246928 /* BugTests.swift in Sources */ = {isa = PBXBuildFile; fileRef = A83DFD25CEE8B236EE81364E /* BugTests.swift */; };
		A83DFE8F26900E99BC95CDBE /* BugTests.swift in Sources */ = {isa = PBXBuildFile; fileRef = A83DFD25CEE8B236EE81364E /* BugTests.swift */; };
/* End PBXBuildFile section */

/* Begin PBXContainerItemProxy section */
		524583AB1D0DE7B9002311F3 /* PBXContainerItemProxy */ = {
			isa = PBXContainerItemProxy;
			containerPortal = 5273A7351CF2645900426C1F /* Project object */;
			proxyType = 1;
			remoteGlobalIDString = 5273A73F1CF2647800426C1F;
			remoteInfo = "Sage OSX";
		};
		529514C31D137B9000BB244D /* PBXContainerItemProxy */ = {
			isa = PBXContainerItemProxy;
			containerPortal = 5273A7351CF2645900426C1F /* Project object */;
			proxyType = 1;
			remoteGlobalIDString = 5273A74D1CF2647F00426C1F;
			remoteInfo = "Sage iOS";
		};
		529514D21D137BAD00BB244D /* PBXContainerItemProxy */ = {
			isa = PBXContainerItemProxy;
			containerPortal = 5273A7351CF2645900426C1F /* Project object */;
			proxyType = 1;
			remoteGlobalIDString = 5273A7671CF2648E00426C1F;
			remoteInfo = "Sage tvOS";
		};
/* End PBXContainerItemProxy section */

/* Begin PBXFileReference section */
		521AF8EE1D5949FB009941A0 /* Tables.swift */ = {isa = PBXFileReference; fileEncoding = 4; lastKnownFileType = sourcecode.swift; path = Tables.swift; sourceTree = "<group>"; };
		5235BDA21D3A89A200B42FFD /* Player.swift */ = {isa = PBXFileReference; fileEncoding = 4; lastKnownFileType = sourcecode.swift; path = Player.swift; sourceTree = "<group>"; };
		524583A51D0DE7B9002311F3 /* Sage OSX Tests.xctest */ = {isa = PBXFileReference; explicitFileType = wrapper.cfbundle; includeInIndex = 0; path = "Sage OSX Tests.xctest"; sourceTree = BUILT_PRODUCTS_DIR; };
		524583A91D0DE7B9002311F3 /* Info.plist */ = {isa = PBXFileReference; lastKnownFileType = text.plist.xml; path = Info.plist; sourceTree = "<group>"; };
		524583B01D0DF2BB002311F3 /* SageTests.swift */ = {isa = PBXFileReference; fileEncoding = 4; lastKnownFileType = sourcecode.swift; name = SageTests.swift; path = SageTests/SageTests.swift; sourceTree = "<group>"; };
		5273A7401CF2647800426C1F /* Sage.framework */ = {isa = PBXFileReference; explicitFileType = wrapper.framework; includeInIndex = 0; path = Sage.framework; sourceTree = BUILT_PRODUCTS_DIR; };
		5273A74E1CF2647F00426C1F /* Sage.framework */ = {isa = PBXFileReference; explicitFileType = wrapper.framework; includeInIndex = 0; path = Sage.framework; sourceTree = BUILT_PRODUCTS_DIR; };
		5273A75B1CF2648700426C1F /* Sage.framework */ = {isa = PBXFileReference; explicitFileType = wrapper.framework; includeInIndex = 0; path = Sage.framework; sourceTree = BUILT_PRODUCTS_DIR; };
		5273A7681CF2648E00426C1F /* Sage.framework */ = {isa = PBXFileReference; explicitFileType = wrapper.framework; includeInIndex = 0; path = Sage.framework; sourceTree = BUILT_PRODUCTS_DIR; };
		5273A7721CF264B500426C1F /* Info.plist */ = {isa = PBXFileReference; lastKnownFileType = text.plist.xml; path = Info.plist; sourceTree = "<group>"; };
		5273A7731CF3676800426C1F /* Package.swift */ = {isa = PBXFileReference; lastKnownFileType = sourcecode.swift; path = Package.swift; sourceTree = "<group>"; };
		5273A7741CF3677200426C1F /* LICENSE.txt */ = {isa = PBXFileReference; lastKnownFileType = text; path = LICENSE.txt; sourceTree = "<group>"; };
		5273A7751CF3807300426C1F /* Sage.playground */ = {isa = PBXFileReference; lastKnownFileType = file.playground; path = Sage.playground; sourceTree = "<group>"; };
		5273A7761CF3824700426C1F /* Board.swift */ = {isa = PBXFileReference; fileEncoding = 4; lastKnownFileType = sourcecode.swift; path = Board.swift; sourceTree = "<group>"; };
		5273A77B1CF382E200426C1F /* Piece.swift */ = {isa = PBXFileReference; fileEncoding = 4; lastKnownFileType = sourcecode.swift; path = Piece.swift; sourceTree = "<group>"; };
		5273A7801CF382EB00426C1F /* Color.swift */ = {isa = PBXFileReference; fileEncoding = 4; lastKnownFileType = sourcecode.swift; path = Color.swift; sourceTree = "<group>"; };
		5273A7851CF389E000426C1F /* File.swift */ = {isa = PBXFileReference; fileEncoding = 4; lastKnownFileType = sourcecode.swift; path = File.swift; sourceTree = "<group>"; };
		5273A78A1CF38A0500426C1F /* Rank.swift */ = {isa = PBXFileReference; fileEncoding = 4; lastKnownFileType = sourcecode.swift; path = Rank.swift; sourceTree = "<group>"; };
		527ADC201D2AFBE400B16439 /* PGN.swift */ = {isa = PBXFileReference; fileEncoding = 4; lastKnownFileType = sourcecode.swift; path = PGN.swift; sourceTree = "<group>"; };
		5289BADA1D2288E400A85979 /* .swiftlint.yml */ = {isa = PBXFileReference; lastKnownFileType = text; path = .swiftlint.yml; sourceTree = "<group>"; };
		528C2E3C1CF3E51100F7D2EC /* Game.swift */ = {isa = PBXFileReference; fileEncoding = 4; lastKnownFileType = sourcecode.swift; path = Game.swift; sourceTree = "<group>"; };
		528C2E411CF3E7F500F7D2EC /* Move.swift */ = {isa = PBXFileReference; fileEncoding = 4; lastKnownFileType = sourcecode.swift; path = Move.swift; sourceTree = "<group>"; };
		529514BD1D137B9000BB244D /* Sage iOS Tests.xctest */ = {isa = PBXFileReference; explicitFileType = wrapper.cfbundle; includeInIndex = 0; path = "Sage iOS Tests.xctest"; sourceTree = BUILT_PRODUCTS_DIR; };
		529514CC1D137BAD00BB244D /* Sage tvOS Tests.xctest */ = {isa = PBXFileReference; explicitFileType = wrapper.cfbundle; includeInIndex = 0; path = "Sage tvOS Tests.xctest"; sourceTree = BUILT_PRODUCTS_DIR; };
		529514D91D138B4100BB244D /* CastlingRights.swift */ = {isa = PBXFileReference; fileEncoding = 4; lastKnownFileType = sourcecode.swift; path = CastlingRights.swift; sourceTree = "<group>"; };
		529514DE1D16224F00BB244D /* Variant.swift */ = {isa = PBXFileReference; fileEncoding = 4; lastKnownFileType = sourcecode.swift; path = Variant.swift; sourceTree = "<group>"; };
		529515001D173E2F00BB244D /* Bitboard.swift */ = {isa = PBXFileReference; fileEncoding = 4; lastKnownFileType = sourcecode.swift; path = Bitboard.swift; sourceTree = "<group>"; };
		529515051D19CFF500BB244D /* Square.swift */ = {isa = PBXFileReference; fileEncoding = 4; lastKnownFileType = sourcecode.swift; path = Square.swift; sourceTree = "<group>"; };
		52D2BB131D277E5400C868E5 /* Sequence+Sage.swift */ = {isa = PBXFileReference; fileEncoding = 4; lastKnownFileType = sourcecode.swift; path = "Sequence+Sage.swift"; sourceTree = "<group>"; };
		52DF64131D2555390016BA9D /* README.md */ = {isa = PBXFileReference; lastKnownFileType = net.daringfireball.markdown; path = README.md; sourceTree = "<group>"; };
		52E89C611CF53E1A0071AE69 /* InternalTypes.swift */ = {isa = PBXFileReference; fileEncoding = 4; lastKnownFileType = sourcecode.swift; path = InternalTypes.swift; sourceTree = "<group>"; };
		A83DFD25CEE8B236EE81364E /* BugTests.swift */ = {isa = PBXFileReference; fileEncoding = 4; lastKnownFileType = sourcecode.swift; path = BugTests.swift; sourceTree = "<group>"; };
/* End PBXFileReference section */

/* Begin PBXFrameworksBuildPhase section */
		524583A21D0DE7B9002311F3 /* Frameworks */ = {
			isa = PBXFrameworksBuildPhase;
			buildActionMask = 2147483647;
			files = (
				524583AA1D0DE7B9002311F3 /* Sage.framework in Frameworks */,
			);
			runOnlyForDeploymentPostprocessing = 0;
		};
		5273A73C1CF2647800426C1F /* Frameworks */ = {
			isa = PBXFrameworksBuildPhase;
			buildActionMask = 2147483647;
			files = (
			);
			runOnlyForDeploymentPostprocessing = 0;
		};
		5273A74A1CF2647F00426C1F /* Frameworks */ = {
			isa = PBXFrameworksBuildPhase;
			buildActionMask = 2147483647;
			files = (
			);
			runOnlyForDeploymentPostprocessing = 0;
		};
		5273A7571CF2648700426C1F /* Frameworks */ = {
			isa = PBXFrameworksBuildPhase;
			buildActionMask = 2147483647;
			files = (
			);
			runOnlyForDeploymentPostprocessing = 0;
		};
		5273A7641CF2648E00426C1F /* Frameworks */ = {
			isa = PBXFrameworksBuildPhase;
			buildActionMask = 2147483647;
			files = (
			);
			runOnlyForDeploymentPostprocessing = 0;
		};
		529514BA1D137B9000BB244D /* Frameworks */ = {
			isa = PBXFrameworksBuildPhase;
			buildActionMask = 2147483647;
			files = (
				529514C21D137B9000BB244D /* Sage.framework in Frameworks */,
			);
			runOnlyForDeploymentPostprocessing = 0;
		};
		529514C91D137BAD00BB244D /* Frameworks */ = {
			isa = PBXFrameworksBuildPhase;
			buildActionMask = 2147483647;
			files = (
				529514D11D137BAD00BB244D /* Sage.framework in Frameworks */,
			);
			runOnlyForDeploymentPostprocessing = 0;
		};
/* End PBXFrameworksBuildPhase section */

/* Begin PBXGroup section */
		524583A01D0DE791002311F3 /* Tests */ = {
			isa = PBXGroup;
			children = (
				524583B01D0DF2BB002311F3 /* SageTests.swift */,
				524583A91D0DE7B9002311F3 /* Info.plist */,
				A83DFD25CEE8B236EE81364E /* BugTests.swift */,
			);
			path = Tests;
			sourceTree = "<group>";
		};
		5273A7341CF2645900426C1F = {
			isa = PBXGroup;
			children = (
				5273A7701CF264B500426C1F /* Sources */,
				524583A01D0DE791002311F3 /* Tests */,
				5273A7711CF264B500426C1F /* Support */,
				5273A7411CF2647800426C1F /* Products */,
				5273A7751CF3807300426C1F /* Sage.playground */,
				5273A7731CF3676800426C1F /* Package.swift */,
				5289BADA1D2288E400A85979 /* .swiftlint.yml */,
				5273A7741CF3677200426C1F /* LICENSE.txt */,
				52DF64131D2555390016BA9D /* README.md */,
			);
			sourceTree = "<group>";
		};
		5273A7411CF2647800426C1F /* Products */ = {
			isa = PBXGroup;
			children = (
				5273A7401CF2647800426C1F /* Sage.framework */,
				5273A74E1CF2647F00426C1F /* Sage.framework */,
				5273A75B1CF2648700426C1F /* Sage.framework */,
				5273A7681CF2648E00426C1F /* Sage.framework */,
				524583A51D0DE7B9002311F3 /* Sage OSX Tests.xctest */,
				529514BD1D137B9000BB244D /* Sage iOS Tests.xctest */,
				529514CC1D137BAD00BB244D /* Sage tvOS Tests.xctest */,
			);
			name = Products;
			sourceTree = "<group>";
		};
		5273A7701CF264B500426C1F /* Sources */ = {
			isa = PBXGroup;
			children = (
				528C2E3C1CF3E51100F7D2EC /* Game.swift */,
				5235BDA21D3A89A200B42FFD /* Player.swift */,
				5273A7761CF3824700426C1F /* Board.swift */,
				529515001D173E2F00BB244D /* Bitboard.swift */,
				5273A77B1CF382E200426C1F /* Piece.swift */,
				5273A7801CF382EB00426C1F /* Color.swift */,
				5273A7851CF389E000426C1F /* File.swift */,
				5273A78A1CF38A0500426C1F /* Rank.swift */,
				529515051D19CFF500BB244D /* Square.swift */,
				528C2E411CF3E7F500F7D2EC /* Move.swift */,
				529514DE1D16224F00BB244D /* Variant.swift */,
				529514D91D138B4100BB244D /* CastlingRights.swift */,
				527ADC201D2AFBE400B16439 /* PGN.swift */,
				52D2BB131D277E5400C868E5 /* Sequence+Sage.swift */,
				52E89C611CF53E1A0071AE69 /* InternalTypes.swift */,
				521AF8EE1D5949FB009941A0 /* Tables.swift */,
			);
			path = Sources;
			sourceTree = "<group>";
		};
		5273A7711CF264B500426C1F /* Support */ = {
			isa = PBXGroup;
			children = (
				5273A7721CF264B500426C1F /* Info.plist */,
			);
			path = Support;
			sourceTree = "<group>";
		};
/* End PBXGroup section */

/* Begin PBXHeadersBuildPhase section */
		5273A73D1CF2647800426C1F /* Headers */ = {
			isa = PBXHeadersBuildPhase;
			buildActionMask = 2147483647;
			files = (
			);
			runOnlyForDeploymentPostprocessing = 0;
		};
		5273A74B1CF2647F00426C1F /* Headers */ = {
			isa = PBXHeadersBuildPhase;
			buildActionMask = 2147483647;
			files = (
			);
			runOnlyForDeploymentPostprocessing = 0;
		};
		5273A7581CF2648700426C1F /* Headers */ = {
			isa = PBXHeadersBuildPhase;
			buildActionMask = 2147483647;
			files = (
			);
			runOnlyForDeploymentPostprocessing = 0;
		};
		5273A7651CF2648E00426C1F /* Headers */ = {
			isa = PBXHeadersBuildPhase;
			buildActionMask = 2147483647;
			files = (
			);
			runOnlyForDeploymentPostprocessing = 0;
		};
/* End PBXHeadersBuildPhase section */

/* Begin PBXNativeTarget section */
		524583A41D0DE7B9002311F3 /* Sage OSX Tests */ = {
			isa = PBXNativeTarget;
			buildConfigurationList = 524583AD1D0DE7B9002311F3 /* Build configuration list for PBXNativeTarget "Sage OSX Tests" */;
			buildPhases = (
				524583A11D0DE7B9002311F3 /* Sources */,
				524583A21D0DE7B9002311F3 /* Frameworks */,
				524583A31D0DE7B9002311F3 /* Resources */,
			);
			buildRules = (
			);
			dependencies = (
				524583AC1D0DE7B9002311F3 /* PBXTargetDependency */,
			);
			name = "Sage OSX Tests";
			productName = SageOSXTests;
			productReference = 524583A51D0DE7B9002311F3 /* Sage OSX Tests.xctest */;
			productType = "com.apple.product-type.bundle.unit-test";
		};
		5273A73F1CF2647800426C1F /* Sage macOS */ = {
			isa = PBXNativeTarget;
			buildConfigurationList = 5273A7481CF2647800426C1F /* Build configuration list for PBXNativeTarget "Sage macOS" */;
			buildPhases = (
				5273A73B1CF2647800426C1F /* Sources */,
				5273A73C1CF2647800426C1F /* Frameworks */,
				5273A73D1CF2647800426C1F /* Headers */,
				5273A73E1CF2647800426C1F /* Resources */,
				5289BAD61D22823600A85979 /* SwiftLint */,
			);
			buildRules = (
			);
			dependencies = (
			);
			name = "Sage macOS";
			productName = "Sage OSX";
			productReference = 5273A7401CF2647800426C1F /* Sage.framework */;
			productType = "com.apple.product-type.framework";
		};
		5273A74D1CF2647F00426C1F /* Sage iOS */ = {
			isa = PBXNativeTarget;
			buildConfigurationList = 5273A7531CF2647F00426C1F /* Build configuration list for PBXNativeTarget "Sage iOS" */;
			buildPhases = (
				5273A7491CF2647F00426C1F /* Sources */,
				5273A74A1CF2647F00426C1F /* Frameworks */,
				5273A74B1CF2647F00426C1F /* Headers */,
				5273A74C1CF2647F00426C1F /* Resources */,
				5289BAD71D22826300A85979 /* SwiftLint */,
			);
			buildRules = (
			);
			dependencies = (
			);
			name = "Sage iOS";
			productName = "Sage iOS";
			productReference = 5273A74E1CF2647F00426C1F /* Sage.framework */;
			productType = "com.apple.product-type.framework";
		};
		5273A75A1CF2648700426C1F /* Sage watchOS */ = {
			isa = PBXNativeTarget;
			buildConfigurationList = 5273A7601CF2648700426C1F /* Build configuration list for PBXNativeTarget "Sage watchOS" */;
			buildPhases = (
				5273A7561CF2648700426C1F /* Sources */,
				5273A7571CF2648700426C1F /* Frameworks */,
				5273A7581CF2648700426C1F /* Headers */,
				5273A7591CF2648700426C1F /* Resources */,
				5289BAD81D22827400A85979 /* SwiftLint */,
			);
			buildRules = (
			);
			dependencies = (
			);
			name = "Sage watchOS";
			productName = "Sage watchOS";
			productReference = 5273A75B1CF2648700426C1F /* Sage.framework */;
			productType = "com.apple.product-type.framework";
		};
		5273A7671CF2648E00426C1F /* Sage tvOS */ = {
			isa = PBXNativeTarget;
			buildConfigurationList = 5273A76D1CF2648E00426C1F /* Build configuration list for PBXNativeTarget "Sage tvOS" */;
			buildPhases = (
				5273A7631CF2648E00426C1F /* Sources */,
				5273A7641CF2648E00426C1F /* Frameworks */,
				5273A7651CF2648E00426C1F /* Headers */,
				5273A7661CF2648E00426C1F /* Resources */,
				5289BAD91D22828500A85979 /* SwiftLint */,
			);
			buildRules = (
			);
			dependencies = (
			);
			name = "Sage tvOS";
			productName = "Sage tvOS";
			productReference = 5273A7681CF2648E00426C1F /* Sage.framework */;
			productType = "com.apple.product-type.framework";
		};
		529514BC1D137B9000BB244D /* Sage iOS Tests */ = {
			isa = PBXNativeTarget;
			buildConfigurationList = 529514C71D137B9000BB244D /* Build configuration list for PBXNativeTarget "Sage iOS Tests" */;
			buildPhases = (
				529514B91D137B9000BB244D /* Sources */,
				529514BA1D137B9000BB244D /* Frameworks */,
				529514BB1D137B9000BB244D /* Resources */,
			);
			buildRules = (
			);
			dependencies = (
				529514C41D137B9000BB244D /* PBXTargetDependency */,
			);
			name = "Sage iOS Tests";
			productName = SageiOSTests;
			productReference = 529514BD1D137B9000BB244D /* Sage iOS Tests.xctest */;
			productType = "com.apple.product-type.bundle.unit-test";
		};
		529514CB1D137BAD00BB244D /* Sage tvOS Tests */ = {
			isa = PBXNativeTarget;
			buildConfigurationList = 529514D41D137BAD00BB244D /* Build configuration list for PBXNativeTarget "Sage tvOS Tests" */;
			buildPhases = (
				529514C81D137BAD00BB244D /* Sources */,
				529514C91D137BAD00BB244D /* Frameworks */,
				529514CA1D137BAD00BB244D /* Resources */,
			);
			buildRules = (
			);
			dependencies = (
				529514D31D137BAD00BB244D /* PBXTargetDependency */,
			);
			name = "Sage tvOS Tests";
			productName = SagetvOSTests;
			productReference = 529514CC1D137BAD00BB244D /* Sage tvOS Tests.xctest */;
			productType = "com.apple.product-type.bundle.unit-test";
		};
/* End PBXNativeTarget section */

/* Begin PBXProject section */
		5273A7351CF2645900426C1F /* Project object */ = {
			isa = PBXProject;
			attributes = {
				LastSwiftUpdateCheck = 0730;
				LastUpgradeCheck = 0910;
				ORGANIZATIONNAME = "Nikolai Vazquez";
				TargetAttributes = {
					524583A41D0DE7B9002311F3 = {
						CreatedOnToolsVersion = 7.3.1;
						LastSwiftMigration = 0800;
					};
					5273A73F1CF2647800426C1F = {
						CreatedOnToolsVersion = 7.3.1;
						LastSwiftMigration = 0800;
					};
					5273A74D1CF2647F00426C1F = {
						CreatedOnToolsVersion = 7.3.1;
					};
					5273A75A1CF2648700426C1F = {
						CreatedOnToolsVersion = 7.3.1;
					};
					5273A7671CF2648E00426C1F = {
						CreatedOnToolsVersion = 7.3.1;
					};
					529514BC1D137B9000BB244D = {
						CreatedOnToolsVersion = 7.3.1;
					};
					529514CB1D137BAD00BB244D = {
						CreatedOnToolsVersion = 7.3.1;
					};
				};
			};
			buildConfigurationList = 5273A7381CF2645900426C1F /* Build configuration list for PBXProject "Sage" */;
			compatibilityVersion = "Xcode 3.2";
			developmentRegion = English;
			hasScannedForEncodings = 0;
			knownRegions = (
				en,
			);
			mainGroup = 5273A7341CF2645900426C1F;
			productRefGroup = 5273A7411CF2647800426C1F /* Products */;
			projectDirPath = "";
			projectRoot = "";
			targets = (
				5273A73F1CF2647800426C1F /* Sage macOS */,
				5273A74D1CF2647F00426C1F /* Sage iOS */,
				5273A75A1CF2648700426C1F /* Sage watchOS */,
				5273A7671CF2648E00426C1F /* Sage tvOS */,
				524583A41D0DE7B9002311F3 /* Sage OSX Tests */,
				529514BC1D137B9000BB244D /* Sage iOS Tests */,
				529514CB1D137BAD00BB244D /* Sage tvOS Tests */,
			);
		};
/* End PBXProject section */

/* Begin PBXResourcesBuildPhase section */
		524583A31D0DE7B9002311F3 /* Resources */ = {
			isa = PBXResourcesBuildPhase;
			buildActionMask = 2147483647;
			files = (
			);
			runOnlyForDeploymentPostprocessing = 0;
		};
		5273A73E1CF2647800426C1F /* Resources */ = {
			isa = PBXResourcesBuildPhase;
			buildActionMask = 2147483647;
			files = (
			);
			runOnlyForDeploymentPostprocessing = 0;
		};
		5273A74C1CF2647F00426C1F /* Resources */ = {
			isa = PBXResourcesBuildPhase;
			buildActionMask = 2147483647;
			files = (
			);
			runOnlyForDeploymentPostprocessing = 0;
		};
		5273A7591CF2648700426C1F /* Resources */ = {
			isa = PBXResourcesBuildPhase;
			buildActionMask = 2147483647;
			files = (
			);
			runOnlyForDeploymentPostprocessing = 0;
		};
		5273A7661CF2648E00426C1F /* Resources */ = {
			isa = PBXResourcesBuildPhase;
			buildActionMask = 2147483647;
			files = (
			);
			runOnlyForDeploymentPostprocessing = 0;
		};
		529514BB1D137B9000BB244D /* Resources */ = {
			isa = PBXResourcesBuildPhase;
			buildActionMask = 2147483647;
			files = (
			);
			runOnlyForDeploymentPostprocessing = 0;
		};
		529514CA1D137BAD00BB244D /* Resources */ = {
			isa = PBXResourcesBuildPhase;
			buildActionMask = 2147483647;
			files = (
			);
			runOnlyForDeploymentPostprocessing = 0;
		};
/* End PBXResourcesBuildPhase section */

/* Begin PBXShellScriptBuildPhase section */
		5289BAD61D22823600A85979 /* SwiftLint */ = {
			isa = PBXShellScriptBuildPhase;
			buildActionMask = 12;
			files = (
			);
			inputPaths = (
			);
			name = SwiftLint;
			outputPaths = (
			);
			runOnlyForDeploymentPostprocessing = 0;
			shellPath = /bin/sh;
			shellScript = "Bin/swiftlint\n";
		};
		5289BAD71D22826300A85979 /* SwiftLint */ = {
			isa = PBXShellScriptBuildPhase;
			buildActionMask = 12;
			files = (
			);
			inputPaths = (
			);
			name = SwiftLint;
			outputPaths = (
			);
			runOnlyForDeploymentPostprocessing = 0;
			shellPath = /bin/sh;
			shellScript = "Bin/swiftlint\n";
		};
		5289BAD81D22827400A85979 /* SwiftLint */ = {
			isa = PBXShellScriptBuildPhase;
			buildActionMask = 12;
			files = (
			);
			inputPaths = (
			);
			name = SwiftLint;
			outputPaths = (
			);
			runOnlyForDeploymentPostprocessing = 0;
			shellPath = /bin/sh;
			shellScript = "Bin/swiftlint\n";
		};
		5289BAD91D22828500A85979 /* SwiftLint */ = {
			isa = PBXShellScriptBuildPhase;
			buildActionMask = 12;
			files = (
			);
			inputPaths = (
			);
			name = SwiftLint;
			outputPaths = (
			);
			runOnlyForDeploymentPostprocessing = 0;
			shellPath = /bin/sh;
			shellScript = "Bin/swiftlint\n";
		};
/* End PBXShellScriptBuildPhase section */

/* Begin PBXSourcesBuildPhase section */
		524583A11D0DE7B9002311F3 /* Sources */ = {
			isa = PBXSourcesBuildPhase;
			buildActionMask = 2147483647;
			files = (
				524583B21D0DF2E2002311F3 /* SageTests.swift in Sources */,
				A83DFE8F26900E99BC95CDBE /* BugTests.swift in Sources */,
			);
			runOnlyForDeploymentPostprocessing = 0;
		};
		5273A73B1CF2647800426C1F /* Sources */ = {
			isa = PBXSourcesBuildPhase;
			buildActionMask = 2147483647;
			files = (
				529515061D19CFF500BB244D /* Square.swift in Sources */,
				529514DA1D138B4100BB244D /* CastlingRights.swift in Sources */,
				521AF8EF1D5949FB009941A0 /* Tables.swift in Sources */,
				52E89C621CF53E1A0071AE69 /* InternalTypes.swift in Sources */,
				528C2E421CF3E7F500F7D2EC /* Move.swift in Sources */,
				529514DF1D16224F00BB244D /* Variant.swift in Sources */,
				5273A77C1CF382E200426C1F /* Piece.swift in Sources */,
				52D2BB141D277E5400C868E5 /* Sequence+Sage.swift in Sources */,
				527ADC211D2AFBE400B16439 /* PGN.swift in Sources */,
				528C2E3D1CF3E51100F7D2EC /* Game.swift in Sources */,
				5273A7861CF389E000426C1F /* File.swift in Sources */,
				529515011D173E2F00BB244D /* Bitboard.swift in Sources */,
				5273A7771CF3824700426C1F /* Board.swift in Sources */,
				5273A78B1CF38A0500426C1F /* Rank.swift in Sources */,
				5235BDA31D3A89A200B42FFD /* Player.swift in Sources */,
				5273A7811CF382EB00426C1F /* Color.swift in Sources */,
			);
			runOnlyForDeploymentPostprocessing = 0;
		};
		5273A7491CF2647F00426C1F /* Sources */ = {
			isa = PBXSourcesBuildPhase;
			buildActionMask = 2147483647;
			files = (
				529515071D19CFF500BB244D /* Square.swift in Sources */,
				529514DB1D138B4100BB244D /* CastlingRights.swift in Sources */,
				521AF8F01D5949FB009941A0 /* Tables.swift in Sources */,
				52E89C631CF53E1A0071AE69 /* InternalTypes.swift in Sources */,
				528C2E431CF3E7F500F7D2EC /* Move.swift in Sources */,
				529514E01D16224F00BB244D /* Variant.swift in Sources */,
				5273A77D1CF382E200426C1F /* Piece.swift in Sources */,
				52D2BB151D277E5400C868E5 /* Sequence+Sage.swift in Sources */,
				527ADC221D2AFBE400B16439 /* PGN.swift in Sources */,
				528C2E3E1CF3E51400F7D2EC /* Game.swift in Sources */,
				5273A7871CF389E000426C1F /* File.swift in Sources */,
				529515021D173E2F00BB244D /* Bitboard.swift in Sources */,
				5273A7781CF3824700426C1F /* Board.swift in Sources */,
				5273A78C1CF38A0500426C1F /* Rank.swift in Sources */,
				5235BDA41D3A89A200B42FFD /* Player.swift in Sources */,
				5273A7821CF382EB00426C1F /* Color.swift in Sources */,
			);
			runOnlyForDeploymentPostprocessing = 0;
		};
		5273A7561CF2648700426C1F /* Sources */ = {
			isa = PBXSourcesBuildPhase;
			buildActionMask = 2147483647;
			files = (
				529515081D19CFF500BB244D /* Square.swift in Sources */,
				529514DC1D138B4100BB244D /* CastlingRights.swift in Sources */,
				521AF8F11D5949FB009941A0 /* Tables.swift in Sources */,
				52E89C641CF53E1A0071AE69 /* InternalTypes.swift in Sources */,
				528C2E441CF3E7F500F7D2EC /* Move.swift in Sources */,
				529514E11D16224F00BB244D /* Variant.swift in Sources */,
				5273A77E1CF382E200426C1F /* Piece.swift in Sources */,
				52D2BB161D277E5400C868E5 /* Sequence+Sage.swift in Sources */,
				527ADC231D2AFBE400B16439 /* PGN.swift in Sources */,
				528C2E3F1CF3E51500F7D2EC /* Game.swift in Sources */,
				5273A7881CF389E000426C1F /* File.swift in Sources */,
				529515031D173E2F00BB244D /* Bitboard.swift in Sources */,
				5273A7791CF3824700426C1F /* Board.swift in Sources */,
				5273A78D1CF38A0500426C1F /* Rank.swift in Sources */,
				5235BDA51D3A89A200B42FFD /* Player.swift in Sources */,
				5273A7831CF382EB00426C1F /* Color.swift in Sources */,
			);
			runOnlyForDeploymentPostprocessing = 0;
		};
		5273A7631CF2648E00426C1F /* Sources */ = {
			isa = PBXSourcesBuildPhase;
			buildActionMask = 2147483647;
			files = (
				529515091D19CFF500BB244D /* Square.swift in Sources */,
				529514DD1D138B4100BB244D /* CastlingRights.swift in Sources */,
				521AF8F21D5949FB009941A0 /* Tables.swift in Sources */,
				52E89C651CF53E1A0071AE69 /* InternalTypes.swift in Sources */,
				528C2E451CF3E7F500F7D2EC /* Move.swift in Sources */,
				529514E21D16224F00BB244D /* Variant.swift in Sources */,
				5273A77F1CF382E200426C1F /* Piece.swift in Sources */,
				52D2BB171D277E5400C868E5 /* Sequence+Sage.swift in Sources */,
				527ADC241D2AFBE400B16439 /* PGN.swift in Sources */,
				528C2E401CF3E51500F7D2EC /* Game.swift in Sources */,
				5273A7891CF389E000426C1F /* File.swift in Sources */,
				529515041D173E2F00BB244D /* Bitboard.swift in Sources */,
				5273A77A1CF3824700426C1F /* Board.swift in Sources */,
				5273A78E1CF38A0500426C1F /* Rank.swift in Sources */,
				5235BDA61D3A89A200B42FFD /* Player.swift in Sources */,
				5273A7841CF382EB00426C1F /* Color.swift in Sources */,
			);
			runOnlyForDeploymentPostprocessing = 0;
		};
		529514B91D137B9000BB244D /* Sources */ = {
			isa = PBXSourcesBuildPhase;
			buildActionMask = 2147483647;
			files = (
				529514D71D137BB800BB244D /* SageTests.swift in Sources */,
				A83DFA16DEE05AD172246928 /* BugTests.swift in Sources */,
			);
			runOnlyForDeploymentPostprocessing = 0;
		};
		529514C81D137BAD00BB244D /* Sources */ = {
			isa = PBXSourcesBuildPhase;
			buildActionMask = 2147483647;
			files = (
				529514D81D137BB900BB244D /* SageTests.swift in Sources */,
				A83DF73BFB6E5376DE6F9B00 /* BugTests.swift in Sources */,
			);
			runOnlyForDeploymentPostprocessing = 0;
		};
/* End PBXSourcesBuildPhase section */

/* Begin PBXTargetDependency section */
		524583AC1D0DE7B9002311F3 /* PBXTargetDependency */ = {
			isa = PBXTargetDependency;
			target = 5273A73F1CF2647800426C1F /* Sage macOS */;
			targetProxy = 524583AB1D0DE7B9002311F3 /* PBXContainerItemProxy */;
		};
		529514C41D137B9000BB244D /* PBXTargetDependency */ = {
			isa = PBXTargetDependency;
			target = 5273A74D1CF2647F00426C1F /* Sage iOS */;
			targetProxy = 529514C31D137B9000BB244D /* PBXContainerItemProxy */;
		};
		529514D31D137BAD00BB244D /* PBXTargetDependency */ = {
			isa = PBXTargetDependency;
			target = 5273A7671CF2648E00426C1F /* Sage tvOS */;
			targetProxy = 529514D21D137BAD00BB244D /* PBXContainerItemProxy */;
		};
/* End PBXTargetDependency section */

/* Begin XCBuildConfiguration section */
		524583AE1D0DE7B9002311F3 /* Debug */ = {
			isa = XCBuildConfiguration;
			buildSettings = {
				ALWAYS_SEARCH_USER_PATHS = NO;
				CLANG_ANALYZER_NONNULL = YES;
				CLANG_CXX_LANGUAGE_STANDARD = "gnu++0x";
				CLANG_CXX_LIBRARY = "libc++";
				CLANG_ENABLE_MODULES = YES;
				CLANG_ENABLE_OBJC_ARC = YES;
				CLANG_WARN_BOOL_CONVERSION = YES;
				CLANG_WARN_CONSTANT_CONVERSION = YES;
				CLANG_WARN_DIRECT_OBJC_ISA_USAGE = YES_ERROR;
				CLANG_WARN_EMPTY_BODY = YES;
				CLANG_WARN_ENUM_CONVERSION = YES;
				CLANG_WARN_INT_CONVERSION = YES;
				CLANG_WARN_OBJC_ROOT_CLASS = YES_ERROR;
				CLANG_WARN_UNREACHABLE_CODE = YES;
				CLANG_WARN__DUPLICATE_METHOD_MATCH = YES;
				CODE_SIGN_IDENTITY = "-";
				COMBINE_HIDPI_IMAGES = YES;
				COPY_PHASE_STRIP = NO;
				DEBUG_INFORMATION_FORMAT = dwarf;
				ENABLE_STRICT_OBJC_MSGSEND = YES;
				ENABLE_TESTABILITY = YES;
				GCC_C_LANGUAGE_STANDARD = gnu99;
				GCC_DYNAMIC_NO_PIC = NO;
				GCC_NO_COMMON_BLOCKS = YES;
				GCC_OPTIMIZATION_LEVEL = 0;
				GCC_PREPROCESSOR_DEFINITIONS = (
					"DEBUG=1",
					"$(inherited)",
				);
				GCC_WARN_64_TO_32_BIT_CONVERSION = YES;
				GCC_WARN_ABOUT_RETURN_TYPE = YES_ERROR;
				GCC_WARN_UNDECLARED_SELECTOR = YES;
				GCC_WARN_UNINITIALIZED_AUTOS = YES_AGGRESSIVE;
				GCC_WARN_UNUSED_FUNCTION = YES;
				GCC_WARN_UNUSED_VARIABLE = YES;
				INFOPLIST_FILE = "$(SRCROOT)/Tests/Info.plist";
				LD_RUNPATH_SEARCH_PATHS = "$(inherited) @executable_path/../Frameworks @loader_path/../Frameworks";
				MACOSX_DEPLOYMENT_TARGET = 10.11;
				MTL_ENABLE_DEBUG_INFO = YES;
				ONLY_ACTIVE_ARCH = YES;
				PRODUCT_BUNDLE_IDENTIFIER = com.nikolaivazquez.SageOSXTests;
				PRODUCT_NAME = "$(TARGET_NAME)";
				SDKROOT = macosx;
				SWIFT_OPTIMIZATION_LEVEL = "-Onone";
			};
			name = Debug;
		};
		524583AF1D0DE7B9002311F3 /* Release */ = {
			isa = XCBuildConfiguration;
			buildSettings = {
				ALWAYS_SEARCH_USER_PATHS = NO;
				CLANG_ANALYZER_NONNULL = YES;
				CLANG_CXX_LANGUAGE_STANDARD = "gnu++0x";
				CLANG_CXX_LIBRARY = "libc++";
				CLANG_ENABLE_MODULES = YES;
				CLANG_ENABLE_OBJC_ARC = YES;
				CLANG_WARN_BOOL_CONVERSION = YES;
				CLANG_WARN_CONSTANT_CONVERSION = YES;
				CLANG_WARN_DIRECT_OBJC_ISA_USAGE = YES_ERROR;
				CLANG_WARN_EMPTY_BODY = YES;
				CLANG_WARN_ENUM_CONVERSION = YES;
				CLANG_WARN_INT_CONVERSION = YES;
				CLANG_WARN_OBJC_ROOT_CLASS = YES_ERROR;
				CLANG_WARN_UNREACHABLE_CODE = YES;
				CLANG_WARN__DUPLICATE_METHOD_MATCH = YES;
				CODE_SIGN_IDENTITY = "-";
				COMBINE_HIDPI_IMAGES = YES;
				COPY_PHASE_STRIP = NO;
				DEBUG_INFORMATION_FORMAT = "dwarf-with-dsym";
				ENABLE_NS_ASSERTIONS = NO;
				ENABLE_STRICT_OBJC_MSGSEND = YES;
				GCC_C_LANGUAGE_STANDARD = gnu99;
				GCC_NO_COMMON_BLOCKS = YES;
				GCC_WARN_64_TO_32_BIT_CONVERSION = YES;
				GCC_WARN_ABOUT_RETURN_TYPE = YES_ERROR;
				GCC_WARN_UNDECLARED_SELECTOR = YES;
				GCC_WARN_UNINITIALIZED_AUTOS = YES_AGGRESSIVE;
				GCC_WARN_UNUSED_FUNCTION = YES;
				GCC_WARN_UNUSED_VARIABLE = YES;
				INFOPLIST_FILE = "$(SRCROOT)/Tests/Info.plist";
				LD_RUNPATH_SEARCH_PATHS = "$(inherited) @executable_path/../Frameworks @loader_path/../Frameworks";
				MACOSX_DEPLOYMENT_TARGET = 10.11;
				MTL_ENABLE_DEBUG_INFO = NO;
				PRODUCT_BUNDLE_IDENTIFIER = com.nikolaivazquez.SageOSXTests;
				PRODUCT_NAME = "$(TARGET_NAME)";
				SDKROOT = macosx;
				SWIFT_OPTIMIZATION_LEVEL = "-Owholemodule";
			};
			name = Release;
		};
		5273A7391CF2645900426C1F /* Debug */ = {
			isa = XCBuildConfiguration;
			buildSettings = {
				CLANG_WARN_BLOCK_CAPTURE_AUTORELEASING = YES;
				CLANG_WARN_BOOL_CONVERSION = YES;
				CLANG_WARN_COMMA = YES;
				CLANG_WARN_CONSTANT_CONVERSION = YES;
				CLANG_WARN_EMPTY_BODY = YES;
				CLANG_WARN_ENUM_CONVERSION = YES;
				CLANG_WARN_INFINITE_RECURSION = YES;
				CLANG_WARN_INT_CONVERSION = YES;
				CLANG_WARN_NON_LITERAL_NULL_CONVERSION = YES;
				CLANG_WARN_OBJC_LITERAL_CONVERSION = YES;
				CLANG_WARN_RANGE_LOOP_ANALYSIS = YES;
				CLANG_WARN_STRICT_PROTOTYPES = YES;
				CLANG_WARN_SUSPICIOUS_MOVE = YES;
				CLANG_WARN_UNREACHABLE_CODE = YES;
				CLANG_WARN__DUPLICATE_METHOD_MATCH = YES;
				ENABLE_STRICT_OBJC_MSGSEND = YES;
				ENABLE_TESTABILITY = YES;
				GCC_NO_COMMON_BLOCKS = YES;
				GCC_WARN_64_TO_32_BIT_CONVERSION = YES;
				GCC_WARN_ABOUT_RETURN_TYPE = YES;
				GCC_WARN_UNDECLARED_SELECTOR = YES;
				GCC_WARN_UNINITIALIZED_AUTOS = YES;
				GCC_WARN_UNUSED_FUNCTION = YES;
				GCC_WARN_UNUSED_VARIABLE = YES;
				ONLY_ACTIVE_ARCH = YES;
				PROJECT_BUNDLE_IDENTIFIER = "com.nikolaivazquez.$(PROJECT_NAME)";
				SWIFT_SWIFT3_OBJC_INFERENCE = Default;
				SWIFT_VERSION = 4.0;
			};
			name = Debug;
		};
		5273A73A1CF2645900426C1F /* Release */ = {
			isa = XCBuildConfiguration;
			buildSettings = {
				CLANG_WARN_BLOCK_CAPTURE_AUTORELEASING = YES;
				CLANG_WARN_BOOL_CONVERSION = YES;
				CLANG_WARN_COMMA = YES;
				CLANG_WARN_CONSTANT_CONVERSION = YES;
				CLANG_WARN_EMPTY_BODY = YES;
				CLANG_WARN_ENUM_CONVERSION = YES;
				CLANG_WARN_INFINITE_RECURSION = YES;
				CLANG_WARN_INT_CONVERSION = YES;
				CLANG_WARN_NON_LITERAL_NULL_CONVERSION = YES;
				CLANG_WARN_OBJC_LITERAL_CONVERSION = YES;
				CLANG_WARN_RANGE_LOOP_ANALYSIS = YES;
				CLANG_WARN_STRICT_PROTOTYPES = YES;
				CLANG_WARN_SUSPICIOUS_MOVE = YES;
				CLANG_WARN_UNREACHABLE_CODE = YES;
				CLANG_WARN__DUPLICATE_METHOD_MATCH = YES;
				ENABLE_STRICT_OBJC_MSGSEND = YES;
				GCC_NO_COMMON_BLOCKS = YES;
				GCC_WARN_64_TO_32_BIT_CONVERSION = YES;
				GCC_WARN_ABOUT_RETURN_TYPE = YES;
				GCC_WARN_UNDECLARED_SELECTOR = YES;
				GCC_WARN_UNINITIALIZED_AUTOS = YES;
				GCC_WARN_UNUSED_FUNCTION = YES;
				GCC_WARN_UNUSED_VARIABLE = YES;
				PROJECT_BUNDLE_IDENTIFIER = "com.nikolaivazquez.$(PROJECT_NAME)";
				SWIFT_SWIFT3_OBJC_INFERENCE = Default;
				SWIFT_VERSION = 4.0;
			};
			name = Release;
		};
		5273A7461CF2647800426C1F /* Debug */ = {
			isa = XCBuildConfiguration;
			buildSettings = {
				ALWAYS_SEARCH_USER_PATHS = NO;
				CLANG_ANALYZER_NONNULL = YES;
				CLANG_CXX_LANGUAGE_STANDARD = "gnu++0x";
				CLANG_CXX_LIBRARY = "libc++";
				CLANG_ENABLE_MODULES = YES;
				CLANG_ENABLE_OBJC_ARC = YES;
				CLANG_WARN_BOOL_CONVERSION = YES;
				CLANG_WARN_CONSTANT_CONVERSION = YES;
				CLANG_WARN_DIRECT_OBJC_ISA_USAGE = YES_ERROR;
				CLANG_WARN_EMPTY_BODY = YES;
				CLANG_WARN_ENUM_CONVERSION = YES;
				CLANG_WARN_INT_CONVERSION = YES;
				CLANG_WARN_OBJC_ROOT_CLASS = YES_ERROR;
				CLANG_WARN_UNREACHABLE_CODE = YES;
				CLANG_WARN__DUPLICATE_METHOD_MATCH = YES;
				CODE_SIGN_IDENTITY = "-";
				COMBINE_HIDPI_IMAGES = YES;
				COPY_PHASE_STRIP = NO;
				CURRENT_PROJECT_VERSION = 1;
				DEBUG_INFORMATION_FORMAT = dwarf;
				DEFINES_MODULE = YES;
				DYLIB_COMPATIBILITY_VERSION = 1;
				DYLIB_CURRENT_VERSION = 1;
				DYLIB_INSTALL_NAME_BASE = "@rpath";
				ENABLE_STRICT_OBJC_MSGSEND = YES;
				ENABLE_TESTABILITY = YES;
				FRAMEWORK_VERSION = A;
				GCC_C_LANGUAGE_STANDARD = gnu99;
				GCC_DYNAMIC_NO_PIC = NO;
				GCC_NO_COMMON_BLOCKS = YES;
				GCC_OPTIMIZATION_LEVEL = 0;
				GCC_PREPROCESSOR_DEFINITIONS = (
					"DEBUG=1",
					"$(inherited)",
				);
				GCC_WARN_64_TO_32_BIT_CONVERSION = YES;
				GCC_WARN_ABOUT_RETURN_TYPE = YES_ERROR;
				GCC_WARN_UNDECLARED_SELECTOR = YES;
				GCC_WARN_UNINITIALIZED_AUTOS = YES_AGGRESSIVE;
				GCC_WARN_UNUSED_FUNCTION = YES;
				GCC_WARN_UNUSED_VARIABLE = YES;
				INFOPLIST_FILE = "$(SRCROOT)/Support/Info.plist";
				INSTALL_PATH = "$(LOCAL_LIBRARY_DIR)/Frameworks";
				LD_RUNPATH_SEARCH_PATHS = "$(inherited) @executable_path/../Frameworks @loader_path/Frameworks";
				MACOSX_DEPLOYMENT_TARGET = 10.9;
				MTL_ENABLE_DEBUG_INFO = YES;
				ONLY_ACTIVE_ARCH = YES;
				PRODUCT_BUNDLE_IDENTIFIER = "$(PROJECT_BUNDLE_IDENTIFIER)";
				PRODUCT_NAME = Sage;
				SDKROOT = macosx;
				SKIP_INSTALL = YES;
				SWIFT_OPTIMIZATION_LEVEL = "-Onone";
				VERSIONING_SYSTEM = "apple-generic";
				VERSION_INFO_PREFIX = "";
			};
			name = Debug;
		};
		5273A7471CF2647800426C1F /* Release */ = {
			isa = XCBuildConfiguration;
			buildSettings = {
				ALWAYS_SEARCH_USER_PATHS = NO;
				CLANG_ANALYZER_NONNULL = YES;
				CLANG_CXX_LANGUAGE_STANDARD = "gnu++0x";
				CLANG_CXX_LIBRARY = "libc++";
				CLANG_ENABLE_MODULES = YES;
				CLANG_ENABLE_OBJC_ARC = YES;
				CLANG_WARN_BOOL_CONVERSION = YES;
				CLANG_WARN_CONSTANT_CONVERSION = YES;
				CLANG_WARN_DIRECT_OBJC_ISA_USAGE = YES_ERROR;
				CLANG_WARN_EMPTY_BODY = YES;
				CLANG_WARN_ENUM_CONVERSION = YES;
				CLANG_WARN_INT_CONVERSION = YES;
				CLANG_WARN_OBJC_ROOT_CLASS = YES_ERROR;
				CLANG_WARN_UNREACHABLE_CODE = YES;
				CLANG_WARN__DUPLICATE_METHOD_MATCH = YES;
				CODE_SIGN_IDENTITY = "-";
				COMBINE_HIDPI_IMAGES = YES;
				COPY_PHASE_STRIP = NO;
				CURRENT_PROJECT_VERSION = 1;
				DEBUG_INFORMATION_FORMAT = "dwarf-with-dsym";
				DEFINES_MODULE = YES;
				DYLIB_COMPATIBILITY_VERSION = 1;
				DYLIB_CURRENT_VERSION = 1;
				DYLIB_INSTALL_NAME_BASE = "@rpath";
				ENABLE_NS_ASSERTIONS = NO;
				ENABLE_STRICT_OBJC_MSGSEND = YES;
				FRAMEWORK_VERSION = A;
				GCC_C_LANGUAGE_STANDARD = gnu99;
				GCC_NO_COMMON_BLOCKS = YES;
				GCC_WARN_64_TO_32_BIT_CONVERSION = YES;
				GCC_WARN_ABOUT_RETURN_TYPE = YES_ERROR;
				GCC_WARN_UNDECLARED_SELECTOR = YES;
				GCC_WARN_UNINITIALIZED_AUTOS = YES_AGGRESSIVE;
				GCC_WARN_UNUSED_FUNCTION = YES;
				GCC_WARN_UNUSED_VARIABLE = YES;
				INFOPLIST_FILE = "$(SRCROOT)/Support/Info.plist";
				INSTALL_PATH = "$(LOCAL_LIBRARY_DIR)/Frameworks";
				LD_RUNPATH_SEARCH_PATHS = "$(inherited) @executable_path/../Frameworks @loader_path/Frameworks";
				MACOSX_DEPLOYMENT_TARGET = 10.9;
				MTL_ENABLE_DEBUG_INFO = NO;
				PRODUCT_BUNDLE_IDENTIFIER = "$(PROJECT_BUNDLE_IDENTIFIER)";
				PRODUCT_NAME = Sage;
				SDKROOT = macosx;
				SKIP_INSTALL = YES;
				SWIFT_OPTIMIZATION_LEVEL = "-Owholemodule";
				VERSIONING_SYSTEM = "apple-generic";
				VERSION_INFO_PREFIX = "";
			};
			name = Release;
		};
		5273A7541CF2647F00426C1F /* Debug */ = {
			isa = XCBuildConfiguration;
			buildSettings = {
				ALWAYS_SEARCH_USER_PATHS = NO;
				CLANG_ANALYZER_NONNULL = YES;
				CLANG_CXX_LANGUAGE_STANDARD = "gnu++0x";
				CLANG_CXX_LIBRARY = "libc++";
				CLANG_ENABLE_MODULES = YES;
				CLANG_ENABLE_OBJC_ARC = YES;
				CLANG_WARN_BOOL_CONVERSION = YES;
				CLANG_WARN_CONSTANT_CONVERSION = YES;
				CLANG_WARN_DIRECT_OBJC_ISA_USAGE = YES_ERROR;
				CLANG_WARN_EMPTY_BODY = YES;
				CLANG_WARN_ENUM_CONVERSION = YES;
				CLANG_WARN_INT_CONVERSION = YES;
				CLANG_WARN_OBJC_ROOT_CLASS = YES_ERROR;
				CLANG_WARN_UNREACHABLE_CODE = YES;
				CLANG_WARN__DUPLICATE_METHOD_MATCH = YES;
				"CODE_SIGN_IDENTITY[sdk=iphoneos*]" = "";
				COPY_PHASE_STRIP = NO;
				CURRENT_PROJECT_VERSION = 1;
				DEBUG_INFORMATION_FORMAT = dwarf;
				DEFINES_MODULE = YES;
				DYLIB_COMPATIBILITY_VERSION = 1;
				DYLIB_CURRENT_VERSION = 1;
				DYLIB_INSTALL_NAME_BASE = "@rpath";
				ENABLE_STRICT_OBJC_MSGSEND = YES;
				ENABLE_TESTABILITY = YES;
				GCC_C_LANGUAGE_STANDARD = gnu99;
				GCC_DYNAMIC_NO_PIC = NO;
				GCC_NO_COMMON_BLOCKS = YES;
				GCC_OPTIMIZATION_LEVEL = 0;
				GCC_PREPROCESSOR_DEFINITIONS = (
					"DEBUG=1",
					"$(inherited)",
				);
				GCC_WARN_64_TO_32_BIT_CONVERSION = YES;
				GCC_WARN_ABOUT_RETURN_TYPE = YES_ERROR;
				GCC_WARN_UNDECLARED_SELECTOR = YES;
				GCC_WARN_UNINITIALIZED_AUTOS = YES_AGGRESSIVE;
				GCC_WARN_UNUSED_FUNCTION = YES;
				GCC_WARN_UNUSED_VARIABLE = YES;
				INFOPLIST_FILE = "$(SRCROOT)/Support/Info.plist";
				INSTALL_PATH = "$(LOCAL_LIBRARY_DIR)/Frameworks";
				IPHONEOS_DEPLOYMENT_TARGET = 8.0;
				LD_RUNPATH_SEARCH_PATHS = "$(inherited) @executable_path/Frameworks @loader_path/Frameworks";
				MTL_ENABLE_DEBUG_INFO = YES;
				ONLY_ACTIVE_ARCH = YES;
				PRODUCT_BUNDLE_IDENTIFIER = "$(PROJECT_BUNDLE_IDENTIFIER)";
				PRODUCT_NAME = Sage;
				SDKROOT = iphoneos;
				SKIP_INSTALL = YES;
				SWIFT_OPTIMIZATION_LEVEL = "-Onone";
				TARGETED_DEVICE_FAMILY = "1,2";
				VERSIONING_SYSTEM = "apple-generic";
				VERSION_INFO_PREFIX = "";
			};
			name = Debug;
		};
		5273A7551CF2647F00426C1F /* Release */ = {
			isa = XCBuildConfiguration;
			buildSettings = {
				ALWAYS_SEARCH_USER_PATHS = NO;
				CLANG_ANALYZER_NONNULL = YES;
				CLANG_CXX_LANGUAGE_STANDARD = "gnu++0x";
				CLANG_CXX_LIBRARY = "libc++";
				CLANG_ENABLE_MODULES = YES;
				CLANG_ENABLE_OBJC_ARC = YES;
				CLANG_WARN_BOOL_CONVERSION = YES;
				CLANG_WARN_CONSTANT_CONVERSION = YES;
				CLANG_WARN_DIRECT_OBJC_ISA_USAGE = YES_ERROR;
				CLANG_WARN_EMPTY_BODY = YES;
				CLANG_WARN_ENUM_CONVERSION = YES;
				CLANG_WARN_INT_CONVERSION = YES;
				CLANG_WARN_OBJC_ROOT_CLASS = YES_ERROR;
				CLANG_WARN_UNREACHABLE_CODE = YES;
				CLANG_WARN__DUPLICATE_METHOD_MATCH = YES;
				"CODE_SIGN_IDENTITY[sdk=iphoneos*]" = "";
				COPY_PHASE_STRIP = NO;
				CURRENT_PROJECT_VERSION = 1;
				DEBUG_INFORMATION_FORMAT = "dwarf-with-dsym";
				DEFINES_MODULE = YES;
				DYLIB_COMPATIBILITY_VERSION = 1;
				DYLIB_CURRENT_VERSION = 1;
				DYLIB_INSTALL_NAME_BASE = "@rpath";
				ENABLE_NS_ASSERTIONS = NO;
				ENABLE_STRICT_OBJC_MSGSEND = YES;
				GCC_C_LANGUAGE_STANDARD = gnu99;
				GCC_NO_COMMON_BLOCKS = YES;
				GCC_WARN_64_TO_32_BIT_CONVERSION = YES;
				GCC_WARN_ABOUT_RETURN_TYPE = YES_ERROR;
				GCC_WARN_UNDECLARED_SELECTOR = YES;
				GCC_WARN_UNINITIALIZED_AUTOS = YES_AGGRESSIVE;
				GCC_WARN_UNUSED_FUNCTION = YES;
				GCC_WARN_UNUSED_VARIABLE = YES;
				INFOPLIST_FILE = "$(SRCROOT)/Support/Info.plist";
				INSTALL_PATH = "$(LOCAL_LIBRARY_DIR)/Frameworks";
				IPHONEOS_DEPLOYMENT_TARGET = 8.0;
				LD_RUNPATH_SEARCH_PATHS = "$(inherited) @executable_path/Frameworks @loader_path/Frameworks";
				MTL_ENABLE_DEBUG_INFO = NO;
				PRODUCT_BUNDLE_IDENTIFIER = "$(PROJECT_BUNDLE_IDENTIFIER)";
				PRODUCT_NAME = Sage;
				SDKROOT = iphoneos;
				SKIP_INSTALL = YES;
				SWIFT_OPTIMIZATION_LEVEL = "-Owholemodule";
				TARGETED_DEVICE_FAMILY = "1,2";
				VALIDATE_PRODUCT = YES;
				VERSIONING_SYSTEM = "apple-generic";
				VERSION_INFO_PREFIX = "";
			};
			name = Release;
		};
		5273A7611CF2648700426C1F /* Debug */ = {
			isa = XCBuildConfiguration;
			buildSettings = {
				ALWAYS_SEARCH_USER_PATHS = NO;
				APPLICATION_EXTENSION_API_ONLY = YES;
				CLANG_ANALYZER_NONNULL = YES;
				CLANG_CXX_LANGUAGE_STANDARD = "gnu++0x";
				CLANG_CXX_LIBRARY = "libc++";
				CLANG_ENABLE_MODULES = YES;
				CLANG_ENABLE_OBJC_ARC = YES;
				CLANG_WARN_BOOL_CONVERSION = YES;
				CLANG_WARN_CONSTANT_CONVERSION = YES;
				CLANG_WARN_DIRECT_OBJC_ISA_USAGE = YES_ERROR;
				CLANG_WARN_EMPTY_BODY = YES;
				CLANG_WARN_ENUM_CONVERSION = YES;
				CLANG_WARN_INT_CONVERSION = YES;
				CLANG_WARN_OBJC_ROOT_CLASS = YES_ERROR;
				CLANG_WARN_UNREACHABLE_CODE = YES;
				CLANG_WARN__DUPLICATE_METHOD_MATCH = YES;
				"CODE_SIGN_IDENTITY[sdk=watchos*]" = "";
				COPY_PHASE_STRIP = NO;
				CURRENT_PROJECT_VERSION = 1;
				DEBUG_INFORMATION_FORMAT = dwarf;
				DEFINES_MODULE = YES;
				DYLIB_COMPATIBILITY_VERSION = 1;
				DYLIB_CURRENT_VERSION = 1;
				DYLIB_INSTALL_NAME_BASE = "@rpath";
				ENABLE_STRICT_OBJC_MSGSEND = YES;
				ENABLE_TESTABILITY = YES;
				GCC_C_LANGUAGE_STANDARD = gnu99;
				GCC_DYNAMIC_NO_PIC = NO;
				GCC_NO_COMMON_BLOCKS = YES;
				GCC_OPTIMIZATION_LEVEL = 0;
				GCC_PREPROCESSOR_DEFINITIONS = (
					"DEBUG=1",
					"$(inherited)",
				);
				GCC_WARN_64_TO_32_BIT_CONVERSION = YES;
				GCC_WARN_ABOUT_RETURN_TYPE = YES_ERROR;
				GCC_WARN_UNDECLARED_SELECTOR = YES;
				GCC_WARN_UNINITIALIZED_AUTOS = YES_AGGRESSIVE;
				GCC_WARN_UNUSED_FUNCTION = YES;
				GCC_WARN_UNUSED_VARIABLE = YES;
				INFOPLIST_FILE = "$(SRCROOT)/Support/Info.plist";
				INSTALL_PATH = "$(LOCAL_LIBRARY_DIR)/Frameworks";
				LD_RUNPATH_SEARCH_PATHS = "$(inherited) @executable_path/Frameworks @loader_path/Frameworks";
				MTL_ENABLE_DEBUG_INFO = YES;
				ONLY_ACTIVE_ARCH = YES;
				PRODUCT_BUNDLE_IDENTIFIER = "$(PROJECT_BUNDLE_IDENTIFIER)";
				PRODUCT_NAME = Sage;
				SDKROOT = watchos;
				SKIP_INSTALL = YES;
				SWIFT_OPTIMIZATION_LEVEL = "-Onone";
				TARGETED_DEVICE_FAMILY = 4;
				VERSIONING_SYSTEM = "apple-generic";
				VERSION_INFO_PREFIX = "";
				WATCHOS_DEPLOYMENT_TARGET = 2.2;
			};
			name = Debug;
		};
		5273A7621CF2648700426C1F /* Release */ = {
			isa = XCBuildConfiguration;
			buildSettings = {
				ALWAYS_SEARCH_USER_PATHS = NO;
				APPLICATION_EXTENSION_API_ONLY = YES;
				CLANG_ANALYZER_NONNULL = YES;
				CLANG_CXX_LANGUAGE_STANDARD = "gnu++0x";
				CLANG_CXX_LIBRARY = "libc++";
				CLANG_ENABLE_MODULES = YES;
				CLANG_ENABLE_OBJC_ARC = YES;
				CLANG_WARN_BOOL_CONVERSION = YES;
				CLANG_WARN_CONSTANT_CONVERSION = YES;
				CLANG_WARN_DIRECT_OBJC_ISA_USAGE = YES_ERROR;
				CLANG_WARN_EMPTY_BODY = YES;
				CLANG_WARN_ENUM_CONVERSION = YES;
				CLANG_WARN_INT_CONVERSION = YES;
				CLANG_WARN_OBJC_ROOT_CLASS = YES_ERROR;
				CLANG_WARN_UNREACHABLE_CODE = YES;
				CLANG_WARN__DUPLICATE_METHOD_MATCH = YES;
				"CODE_SIGN_IDENTITY[sdk=watchos*]" = "";
				COPY_PHASE_STRIP = NO;
				CURRENT_PROJECT_VERSION = 1;
				DEBUG_INFORMATION_FORMAT = "dwarf-with-dsym";
				DEFINES_MODULE = YES;
				DYLIB_COMPATIBILITY_VERSION = 1;
				DYLIB_CURRENT_VERSION = 1;
				DYLIB_INSTALL_NAME_BASE = "@rpath";
				ENABLE_NS_ASSERTIONS = NO;
				ENABLE_STRICT_OBJC_MSGSEND = YES;
				GCC_C_LANGUAGE_STANDARD = gnu99;
				GCC_NO_COMMON_BLOCKS = YES;
				GCC_WARN_64_TO_32_BIT_CONVERSION = YES;
				GCC_WARN_ABOUT_RETURN_TYPE = YES_ERROR;
				GCC_WARN_UNDECLARED_SELECTOR = YES;
				GCC_WARN_UNINITIALIZED_AUTOS = YES_AGGRESSIVE;
				GCC_WARN_UNUSED_FUNCTION = YES;
				GCC_WARN_UNUSED_VARIABLE = YES;
				INFOPLIST_FILE = "$(SRCROOT)/Support/Info.plist";
				INSTALL_PATH = "$(LOCAL_LIBRARY_DIR)/Frameworks";
				LD_RUNPATH_SEARCH_PATHS = "$(inherited) @executable_path/Frameworks @loader_path/Frameworks";
				MTL_ENABLE_DEBUG_INFO = NO;
				PRODUCT_BUNDLE_IDENTIFIER = "$(PROJECT_BUNDLE_IDENTIFIER)";
				PRODUCT_NAME = Sage;
				SDKROOT = watchos;
				SKIP_INSTALL = YES;
				SWIFT_OPTIMIZATION_LEVEL = "-Owholemodule";
				TARGETED_DEVICE_FAMILY = 4;
				VALIDATE_PRODUCT = YES;
				VERSIONING_SYSTEM = "apple-generic";
				VERSION_INFO_PREFIX = "";
				WATCHOS_DEPLOYMENT_TARGET = 2.2;
			};
			name = Release;
		};
		5273A76E1CF2648E00426C1F /* Debug */ = {
			isa = XCBuildConfiguration;
			buildSettings = {
				ALWAYS_SEARCH_USER_PATHS = NO;
				CLANG_ANALYZER_NONNULL = YES;
				CLANG_CXX_LANGUAGE_STANDARD = "gnu++0x";
				CLANG_CXX_LIBRARY = "libc++";
				CLANG_ENABLE_MODULES = YES;
				CLANG_ENABLE_OBJC_ARC = YES;
				CLANG_WARN_BOOL_CONVERSION = YES;
				CLANG_WARN_CONSTANT_CONVERSION = YES;
				CLANG_WARN_DIRECT_OBJC_ISA_USAGE = YES_ERROR;
				CLANG_WARN_EMPTY_BODY = YES;
				CLANG_WARN_ENUM_CONVERSION = YES;
				CLANG_WARN_INT_CONVERSION = YES;
				CLANG_WARN_OBJC_ROOT_CLASS = YES_ERROR;
				CLANG_WARN_UNREACHABLE_CODE = YES;
				CLANG_WARN__DUPLICATE_METHOD_MATCH = YES;
				"CODE_SIGN_IDENTITY[sdk=appletvos*]" = "";
				COPY_PHASE_STRIP = NO;
				CURRENT_PROJECT_VERSION = 1;
				DEBUG_INFORMATION_FORMAT = dwarf;
				DEFINES_MODULE = YES;
				DYLIB_COMPATIBILITY_VERSION = 1;
				DYLIB_CURRENT_VERSION = 1;
				DYLIB_INSTALL_NAME_BASE = "@rpath";
				ENABLE_STRICT_OBJC_MSGSEND = YES;
				ENABLE_TESTABILITY = YES;
				GCC_C_LANGUAGE_STANDARD = gnu99;
				GCC_DYNAMIC_NO_PIC = NO;
				GCC_NO_COMMON_BLOCKS = YES;
				GCC_OPTIMIZATION_LEVEL = 0;
				GCC_PREPROCESSOR_DEFINITIONS = (
					"DEBUG=1",
					"$(inherited)",
				);
				GCC_WARN_64_TO_32_BIT_CONVERSION = YES;
				GCC_WARN_ABOUT_RETURN_TYPE = YES_ERROR;
				GCC_WARN_UNDECLARED_SELECTOR = YES;
				GCC_WARN_UNINITIALIZED_AUTOS = YES_AGGRESSIVE;
				GCC_WARN_UNUSED_FUNCTION = YES;
				GCC_WARN_UNUSED_VARIABLE = YES;
				INFOPLIST_FILE = "$(SRCROOT)/Support/Info.plist";
				INSTALL_PATH = "$(LOCAL_LIBRARY_DIR)/Frameworks";
				LD_RUNPATH_SEARCH_PATHS = "$(inherited) @executable_path/Frameworks @loader_path/Frameworks";
				MTL_ENABLE_DEBUG_INFO = YES;
				ONLY_ACTIVE_ARCH = YES;
				PRODUCT_BUNDLE_IDENTIFIER = "$(PROJECT_BUNDLE_IDENTIFIER)";
				PRODUCT_NAME = Sage;
				SDKROOT = appletvos;
				SKIP_INSTALL = YES;
				SWIFT_OPTIMIZATION_LEVEL = "-Onone";
				TARGETED_DEVICE_FAMILY = 3;
				TVOS_DEPLOYMENT_TARGET = 9.0;
				VERSIONING_SYSTEM = "apple-generic";
				VERSION_INFO_PREFIX = "";
			};
			name = Debug;
		};
		5273A76F1CF2648E00426C1F /* Release */ = {
			isa = XCBuildConfiguration;
			buildSettings = {
				ALWAYS_SEARCH_USER_PATHS = NO;
				CLANG_ANALYZER_NONNULL = YES;
				CLANG_CXX_LANGUAGE_STANDARD = "gnu++0x";
				CLANG_CXX_LIBRARY = "libc++";
				CLANG_ENABLE_MODULES = YES;
				CLANG_ENABLE_OBJC_ARC = YES;
				CLANG_WARN_BOOL_CONVERSION = YES;
				CLANG_WARN_CONSTANT_CONVERSION = YES;
				CLANG_WARN_DIRECT_OBJC_ISA_USAGE = YES_ERROR;
				CLANG_WARN_EMPTY_BODY = YES;
				CLANG_WARN_ENUM_CONVERSION = YES;
				CLANG_WARN_INT_CONVERSION = YES;
				CLANG_WARN_OBJC_ROOT_CLASS = YES_ERROR;
				CLANG_WARN_UNREACHABLE_CODE = YES;
				CLANG_WARN__DUPLICATE_METHOD_MATCH = YES;
				"CODE_SIGN_IDENTITY[sdk=appletvos*]" = "";
				COPY_PHASE_STRIP = NO;
				CURRENT_PROJECT_VERSION = 1;
				DEBUG_INFORMATION_FORMAT = "dwarf-with-dsym";
				DEFINES_MODULE = YES;
				DYLIB_COMPATIBILITY_VERSION = 1;
				DYLIB_CURRENT_VERSION = 1;
				DYLIB_INSTALL_NAME_BASE = "@rpath";
				ENABLE_NS_ASSERTIONS = NO;
				ENABLE_STRICT_OBJC_MSGSEND = YES;
				GCC_C_LANGUAGE_STANDARD = gnu99;
				GCC_NO_COMMON_BLOCKS = YES;
				GCC_WARN_64_TO_32_BIT_CONVERSION = YES;
				GCC_WARN_ABOUT_RETURN_TYPE = YES_ERROR;
				GCC_WARN_UNDECLARED_SELECTOR = YES;
				GCC_WARN_UNINITIALIZED_AUTOS = YES_AGGRESSIVE;
				GCC_WARN_UNUSED_FUNCTION = YES;
				GCC_WARN_UNUSED_VARIABLE = YES;
				INFOPLIST_FILE = "$(SRCROOT)/Support/Info.plist";
				INSTALL_PATH = "$(LOCAL_LIBRARY_DIR)/Frameworks";
				LD_RUNPATH_SEARCH_PATHS = "$(inherited) @executable_path/Frameworks @loader_path/Frameworks";
				MTL_ENABLE_DEBUG_INFO = NO;
				PRODUCT_BUNDLE_IDENTIFIER = "$(PROJECT_BUNDLE_IDENTIFIER)";
				PRODUCT_NAME = Sage;
				SDKROOT = appletvos;
				SKIP_INSTALL = YES;
				SWIFT_OPTIMIZATION_LEVEL = "-Owholemodule";
				TARGETED_DEVICE_FAMILY = 3;
				TVOS_DEPLOYMENT_TARGET = 9.0;
				VALIDATE_PRODUCT = YES;
				VERSIONING_SYSTEM = "apple-generic";
				VERSION_INFO_PREFIX = "";
			};
			name = Release;
		};
		529514C51D137B9000BB244D /* Debug */ = {
			isa = XCBuildConfiguration;
			buildSettings = {
				ALWAYS_SEARCH_USER_PATHS = NO;
				CLANG_ANALYZER_NONNULL = YES;
				CLANG_CXX_LANGUAGE_STANDARD = "gnu++0x";
				CLANG_CXX_LIBRARY = "libc++";
				CLANG_ENABLE_MODULES = YES;
				CLANG_ENABLE_OBJC_ARC = YES;
				CLANG_WARN_BOOL_CONVERSION = YES;
				CLANG_WARN_CONSTANT_CONVERSION = YES;
				CLANG_WARN_DIRECT_OBJC_ISA_USAGE = YES_ERROR;
				CLANG_WARN_EMPTY_BODY = YES;
				CLANG_WARN_ENUM_CONVERSION = YES;
				CLANG_WARN_INT_CONVERSION = YES;
				CLANG_WARN_OBJC_ROOT_CLASS = YES_ERROR;
				CLANG_WARN_UNREACHABLE_CODE = YES;
				CLANG_WARN__DUPLICATE_METHOD_MATCH = YES;
				"CODE_SIGN_IDENTITY[sdk=iphoneos*]" = "iPhone Developer";
				COPY_PHASE_STRIP = NO;
				DEBUG_INFORMATION_FORMAT = dwarf;
				ENABLE_STRICT_OBJC_MSGSEND = YES;
				ENABLE_TESTABILITY = YES;
				GCC_C_LANGUAGE_STANDARD = gnu99;
				GCC_DYNAMIC_NO_PIC = NO;
				GCC_NO_COMMON_BLOCKS = YES;
				GCC_OPTIMIZATION_LEVEL = 0;
				GCC_PREPROCESSOR_DEFINITIONS = (
					"DEBUG=1",
					"$(inherited)",
				);
				GCC_WARN_64_TO_32_BIT_CONVERSION = YES;
				GCC_WARN_ABOUT_RETURN_TYPE = YES_ERROR;
				GCC_WARN_UNDECLARED_SELECTOR = YES;
				GCC_WARN_UNINITIALIZED_AUTOS = YES_AGGRESSIVE;
				GCC_WARN_UNUSED_FUNCTION = YES;
				GCC_WARN_UNUSED_VARIABLE = YES;
				INFOPLIST_FILE = "$(SRCROOT)/Tests/Info.plist";
				IPHONEOS_DEPLOYMENT_TARGET = 9.3;
				LD_RUNPATH_SEARCH_PATHS = "$(inherited) @executable_path/Frameworks @loader_path/Frameworks";
				MTL_ENABLE_DEBUG_INFO = YES;
				ONLY_ACTIVE_ARCH = YES;
				PRODUCT_BUNDLE_IDENTIFIER = com.nikolaivazquez.SageiOSTests;
				PRODUCT_NAME = "$(TARGET_NAME)";
				SDKROOT = iphoneos;
				SWIFT_OPTIMIZATION_LEVEL = "-Onone";
			};
			name = Debug;
		};
		529514C61D137B9000BB244D /* Release */ = {
			isa = XCBuildConfiguration;
			buildSettings = {
				ALWAYS_SEARCH_USER_PATHS = NO;
				CLANG_ANALYZER_NONNULL = YES;
				CLANG_CXX_LANGUAGE_STANDARD = "gnu++0x";
				CLANG_CXX_LIBRARY = "libc++";
				CLANG_ENABLE_MODULES = YES;
				CLANG_ENABLE_OBJC_ARC = YES;
				CLANG_WARN_BOOL_CONVERSION = YES;
				CLANG_WARN_CONSTANT_CONVERSION = YES;
				CLANG_WARN_DIRECT_OBJC_ISA_USAGE = YES_ERROR;
				CLANG_WARN_EMPTY_BODY = YES;
				CLANG_WARN_ENUM_CONVERSION = YES;
				CLANG_WARN_INT_CONVERSION = YES;
				CLANG_WARN_OBJC_ROOT_CLASS = YES_ERROR;
				CLANG_WARN_UNREACHABLE_CODE = YES;
				CLANG_WARN__DUPLICATE_METHOD_MATCH = YES;
				"CODE_SIGN_IDENTITY[sdk=iphoneos*]" = "iPhone Developer";
				COPY_PHASE_STRIP = NO;
				DEBUG_INFORMATION_FORMAT = "dwarf-with-dsym";
				ENABLE_NS_ASSERTIONS = NO;
				ENABLE_STRICT_OBJC_MSGSEND = YES;
				GCC_C_LANGUAGE_STANDARD = gnu99;
				GCC_NO_COMMON_BLOCKS = YES;
				GCC_WARN_64_TO_32_BIT_CONVERSION = YES;
				GCC_WARN_ABOUT_RETURN_TYPE = YES_ERROR;
				GCC_WARN_UNDECLARED_SELECTOR = YES;
				GCC_WARN_UNINITIALIZED_AUTOS = YES_AGGRESSIVE;
				GCC_WARN_UNUSED_FUNCTION = YES;
				GCC_WARN_UNUSED_VARIABLE = YES;
				INFOPLIST_FILE = "$(SRCROOT)/Tests/Info.plist";
				IPHONEOS_DEPLOYMENT_TARGET = 9.3;
				LD_RUNPATH_SEARCH_PATHS = "$(inherited) @executable_path/Frameworks @loader_path/Frameworks";
				MTL_ENABLE_DEBUG_INFO = NO;
				PRODUCT_BUNDLE_IDENTIFIER = com.nikolaivazquez.SageiOSTests;
				PRODUCT_NAME = "$(TARGET_NAME)";
				SDKROOT = iphoneos;
				SWIFT_OPTIMIZATION_LEVEL = "-Owholemodule";
				VALIDATE_PRODUCT = YES;
			};
			name = Release;
		};
		529514D51D137BAD00BB244D /* Debug */ = {
			isa = XCBuildConfiguration;
			buildSettings = {
				ALWAYS_SEARCH_USER_PATHS = NO;
				CLANG_ANALYZER_NONNULL = YES;
				CLANG_CXX_LANGUAGE_STANDARD = "gnu++0x";
				CLANG_CXX_LIBRARY = "libc++";
				CLANG_ENABLE_MODULES = YES;
				CLANG_ENABLE_OBJC_ARC = YES;
				CLANG_WARN_BOOL_CONVERSION = YES;
				CLANG_WARN_CONSTANT_CONVERSION = YES;
				CLANG_WARN_DIRECT_OBJC_ISA_USAGE = YES_ERROR;
				CLANG_WARN_EMPTY_BODY = YES;
				CLANG_WARN_ENUM_CONVERSION = YES;
				CLANG_WARN_INT_CONVERSION = YES;
				CLANG_WARN_OBJC_ROOT_CLASS = YES_ERROR;
				CLANG_WARN_UNREACHABLE_CODE = YES;
				CLANG_WARN__DUPLICATE_METHOD_MATCH = YES;
				COPY_PHASE_STRIP = NO;
				DEBUG_INFORMATION_FORMAT = dwarf;
				ENABLE_STRICT_OBJC_MSGSEND = YES;
				ENABLE_TESTABILITY = YES;
				GCC_C_LANGUAGE_STANDARD = gnu99;
				GCC_DYNAMIC_NO_PIC = NO;
				GCC_NO_COMMON_BLOCKS = YES;
				GCC_OPTIMIZATION_LEVEL = 0;
				GCC_PREPROCESSOR_DEFINITIONS = (
					"DEBUG=1",
					"$(inherited)",
				);
				GCC_WARN_64_TO_32_BIT_CONVERSION = YES;
				GCC_WARN_ABOUT_RETURN_TYPE = YES_ERROR;
				GCC_WARN_UNDECLARED_SELECTOR = YES;
				GCC_WARN_UNINITIALIZED_AUTOS = YES_AGGRESSIVE;
				GCC_WARN_UNUSED_FUNCTION = YES;
				GCC_WARN_UNUSED_VARIABLE = YES;
				INFOPLIST_FILE = "$(SRCROOT)/Tests/Info.plist";
				LD_RUNPATH_SEARCH_PATHS = "$(inherited) @executable_path/Frameworks @loader_path/Frameworks";
				MTL_ENABLE_DEBUG_INFO = YES;
				ONLY_ACTIVE_ARCH = YES;
				PRODUCT_BUNDLE_IDENTIFIER = com.nikolaivazquez.SagetvOSTests;
				PRODUCT_NAME = "$(TARGET_NAME)";
				SDKROOT = appletvos;
				SWIFT_OPTIMIZATION_LEVEL = "-Onone";
				TVOS_DEPLOYMENT_TARGET = 9.2;
			};
			name = Debug;
		};
		529514D61D137BAD00BB244D /* Release */ = {
			isa = XCBuildConfiguration;
			buildSettings = {
				ALWAYS_SEARCH_USER_PATHS = NO;
				CLANG_ANALYZER_NONNULL = YES;
				CLANG_CXX_LANGUAGE_STANDARD = "gnu++0x";
				CLANG_CXX_LIBRARY = "libc++";
				CLANG_ENABLE_MODULES = YES;
				CLANG_ENABLE_OBJC_ARC = YES;
				CLANG_WARN_BOOL_CONVERSION = YES;
				CLANG_WARN_CONSTANT_CONVERSION = YES;
				CLANG_WARN_DIRECT_OBJC_ISA_USAGE = YES_ERROR;
				CLANG_WARN_EMPTY_BODY = YES;
				CLANG_WARN_ENUM_CONVERSION = YES;
				CLANG_WARN_INT_CONVERSION = YES;
				CLANG_WARN_OBJC_ROOT_CLASS = YES_ERROR;
				CLANG_WARN_UNREACHABLE_CODE = YES;
				CLANG_WARN__DUPLICATE_METHOD_MATCH = YES;
				COPY_PHASE_STRIP = NO;
				DEBUG_INFORMATION_FORMAT = "dwarf-with-dsym";
				ENABLE_NS_ASSERTIONS = NO;
				ENABLE_STRICT_OBJC_MSGSEND = YES;
				GCC_C_LANGUAGE_STANDARD = gnu99;
				GCC_NO_COMMON_BLOCKS = YES;
				GCC_WARN_64_TO_32_BIT_CONVERSION = YES;
				GCC_WARN_ABOUT_RETURN_TYPE = YES_ERROR;
				GCC_WARN_UNDECLARED_SELECTOR = YES;
				GCC_WARN_UNINITIALIZED_AUTOS = YES_AGGRESSIVE;
				GCC_WARN_UNUSED_FUNCTION = YES;
				GCC_WARN_UNUSED_VARIABLE = YES;
				INFOPLIST_FILE = "$(SRCROOT)/Tests/Info.plist";
				LD_RUNPATH_SEARCH_PATHS = "$(inherited) @executable_path/Frameworks @loader_path/Frameworks";
				MTL_ENABLE_DEBUG_INFO = NO;
				PRODUCT_BUNDLE_IDENTIFIER = com.nikolaivazquez.SagetvOSTests;
				PRODUCT_NAME = "$(TARGET_NAME)";
				SDKROOT = appletvos;
				SWIFT_OPTIMIZATION_LEVEL = "-Owholemodule";
				TVOS_DEPLOYMENT_TARGET = 9.2;
				VALIDATE_PRODUCT = YES;
			};
			name = Release;
		};
/* End XCBuildConfiguration section */

/* Begin XCConfigurationList section */
		524583AD1D0DE7B9002311F3 /* Build configuration list for PBXNativeTarget "Sage OSX Tests" */ = {
			isa = XCConfigurationList;
			buildConfigurations = (
				524583AE1D0DE7B9002311F3 /* Debug */,
				524583AF1D0DE7B9002311F3 /* Release */,
			);
			defaultConfigurationIsVisible = 0;
			defaultConfigurationName = Release;
		};
		5273A7381CF2645900426C1F /* Build configuration list for PBXProject "Sage" */ = {
			isa = XCConfigurationList;
			buildConfigurations = (
				5273A7391CF2645900426C1F /* Debug */,
				5273A73A1CF2645900426C1F /* Release */,
			);
			defaultConfigurationIsVisible = 0;
			defaultConfigurationName = Release;
		};
		5273A7481CF2647800426C1F /* Build configuration list for PBXNativeTarget "Sage macOS" */ = {
			isa = XCConfigurationList;
			buildConfigurations = (
				5273A7461CF2647800426C1F /* Debug */,
				5273A7471CF2647800426C1F /* Release */,
			);
			defaultConfigurationIsVisible = 0;
			defaultConfigurationName = Release;
		};
		5273A7531CF2647F00426C1F /* Build configuration list for PBXNativeTarget "Sage iOS" */ = {
			isa = XCConfigurationList;
			buildConfigurations = (
				5273A7541CF2647F00426C1F /* Debug */,
				5273A7551CF2647F00426C1F /* Release */,
			);
			defaultConfigurationIsVisible = 0;
			defaultConfigurationName = Release;
		};
		5273A7601CF2648700426C1F /* Build configuration list for PBXNativeTarget "Sage watchOS" */ = {
			isa = XCConfigurationList;
			buildConfigurations = (
				5273A7611CF2648700426C1F /* Debug */,
				5273A7621CF2648700426C1F /* Release */,
			);
			defaultConfigurationIsVisible = 0;
			defaultConfigurationName = Release;
		};
		5273A76D1CF2648E00426C1F /* Build configuration list for PBXNativeTarget "Sage tvOS" */ = {
			isa = XCConfigurationList;
			buildConfigurations = (
				5273A76E1CF2648E00426C1F /* Debug */,
				5273A76F1CF2648E00426C1F /* Release */,
			);
			defaultConfigurationIsVisible = 0;
			defaultConfigurationName = Release;
		};
		529514C71D137B9000BB244D /* Build configuration list for PBXNativeTarget "Sage iOS Tests" */ = {
			isa = XCConfigurationList;
			buildConfigurations = (
				529514C51D137B9000BB244D /* Debug */,
				529514C61D137B9000BB244D /* Release */,
			);
			defaultConfigurationIsVisible = 0;
			defaultConfigurationName = Release;
		};
		529514D41D137BAD00BB244D /* Build configuration list for PBXNativeTarget "Sage tvOS Tests" */ = {
			isa = XCConfigurationList;
			buildConfigurations = (
				529514D51D137BAD00BB244D /* Debug */,
				529514D61D137BAD00BB244D /* Release */,
			);
			defaultConfigurationIsVisible = 0;
			defaultConfigurationName = Release;
		};
/* End XCConfigurationList section */
	};
	rootObject = 5273A7351CF2645900426C1F /* Project object */;
}
